DEPENDENCIES
  homebrew
    git: https://github.com/opscode-cookbooks/homebrew.git
    revision: cc9dd4221d1ddc9d7003fde9ab86adf4ce55b3a3
  os_x
    path: cookbooks/os_x
  people
    path: ../cookbooks/people
  projects
    path: ../cookbooks/projects

GRAPH
  apt (2.4.0)
  build-essential (2.0.4)
  chef_handler (1.1.6)
  dmg (2.2.0)
  git (4.0.2)
    build-essential (>= 0.0.0)
    dmg (>= 0.0.0)
    runit (>= 1.0.0)
    windows (>= 0.0.0)
    yum (~> 3.0)
    yum-epel (>= 0.0.0)
  homebrew (1.7.3)
  ohai (2.0.1)
  os_x (0.1.0)
    rbenv (>= 0.0.0)
    ruby_build (>= 0.0.0)
  people (0.1.0)
  projects (0.1.0)
    ruby_build (>= 0.0.0)
  rbenv (1.7.1)
    apt (>= 0.0.0)
    build-essential (>= 0.0.0)
    git (>= 0.0.0)
    ohai (>= 1.1)
  ruby_build (0.8.0)
  runit (1.5.10)
    build-essential (>= 0.0.0)
    yum (~> 3.0)
    yum-epel (>= 0.0.0)
  windows (1.31.0)
    chef_handler (>= 0.0.0)
  yum (3.2.2)
  yum-epel (0.3.6)
    yum (~> 3.0)
